
Microsoft Visual Studio Solution File, Format Version 12.00
# Visual Studio Version 17
VisualStudioVersion = 17.2.32630.192
MinimumVisualStudioVersion = 10.0.40219.1
Project("{8BC9CEB8-8B4A-11D0-8D11-00A0C91BC942}") = "C++中的引用", "C++中的引用.vcxproj", "{CFDD1087-4036-4E33-8FA6-30C474B2F953}"
EndProject
Global
	GlobalSection(SolutionConfigurationPlatforms) = preSolution
		Debug|x64 = Debug|x64
		Debug|x86 = Debug|x86
		Release|x64 = Release|x64
		Release|x86 = Release|x86
	EndGlobalSection
	GlobalSection(ProjectConfigurationPlatforms) = postSolution
		{CFDD1087-4036-4E33-8FA6-30C474B2F953}.Debug|x64.ActiveCfg = Debug|x64
		{CFDD1087-4036-4E33-8FA6-30C474B2F953}.Debug|x64.Build.0 = Debug|x64
		{CFDD1087-4036-4E33-8FA6-30C474B2F953}.Debug|x86.ActiveCfg = Debug|Win32
		{CFDD1087-4036-4E33-8FA6-30C474B2F953}.Debug|x86.Build.0 = Debug|Win32
		{CFDD1087-4036-4E33-8FA6-30C474B2F953}.Release|x64.ActiveCfg = Release|x64
		{CFDD1087-4036-4E33-8FA6-30C474B2F953}.Release|x64.Build.0 = Release|x64
		{CFDD1087-4036-4E33-8FA6-30C474B2F953}.Release|x86.ActiveCfg = Release|Win32
		{CFDD1087-4036-4E33-8FA6-30C474B2F953}.Release|x86.Build.0 = Release|Win32
	EndGlobalSection
	GlobalSection(SolutionProperties) = preSolution
		HideSolutionNode = FALSE
	EndGlobalSection
	GlobalSection(ExtensibilityGlobals) = postSolution
		SolutionGuid = {5ADDC8FC-43BA-4072-BBA9-763E7651ED6D}
	EndGlobalSection
EndGlobal
