<?xml version="1.0" encoding="utf-8"?>
<Project ToolsVersion="4.0" xmlns="http://schemas.microsoft.com/developer/msbuild/2003">
  <ItemGroup>
    <Filter Include="源文件">
      <UniqueIdentifier>{4FC737F1-C7A5-4376-A066-2A32D752A2FF}</UniqueIdentifier>
      <Extensions>cpp;c;cc;cxx;c++;cppm;ixx;def;odl;idl;hpj;bat;asm;asmx</Extensions>
    </Filter>
    <Filter Include="头文件">
      <UniqueIdentifier>{93995380-89BD-4b04-88EB-625FBE52EBFB}</UniqueIdentifier>
      <Extensions>h;hh;hpp;hxx;h++;hm;inl;inc;ipp;xsd</Extensions>
    </Filter>
    <Filter Include="资源文件">
      <UniqueIdentifier>{67DA6AB6-F800-4c08-8B7A-83BB121AAD01}</UniqueIdentifier>
      <Extensions>rc;ico;cur;bmp;dlg;rc2;rct;bin;rgs;gif;jpg;jpeg;jpe;resx;tiff;tif;png;wav;mfcribbon-ms</Extensions>
    </Filter>
  </ItemGroup>
  <ItemGroup>
    <ClCompile Include="13.1.1类和对象 - 封装 - 属性和行为作为整体.cpp">
      <Filter>源文件</Filter>
    </ClCompile>
    <ClCompile Include="13.1.2类和对象- 封装-学生案例.cpp">
      <Filter>源文件</Filter>
    </ClCompile>
    <ClCompile Include="13.1.3类和对象 - 封装 - 访问权限.cpp">
      <Filter>源文件</Filter>
    </ClCompile>
    <ClCompile Include="13.1.4类和对象 - 封装 - C++中class和struct的区别.cpp">
      <Filter>源文件</Filter>
    </ClCompile>
    <ClCompile Include="13.1.5类和对象 - 封装 - 成员属性私有化.cpp">
      <Filter>源文件</Filter>
    </ClCompile>
    <ClCompile Include="13.1.6类和对象 - 封装 - 封装案例.cpp">
      <Filter>源文件</Filter>
    </ClCompile>
    <ClCompile Include="13.1.7类和对象 - 封装 - 封装案例2.cpp">
      <Filter>源文件</Filter>
    </ClCompile>
    <ClCompile Include="Point.h">
      <Filter>头文件</Filter>
    </ClCompile>
    <ClCompile Include="Point.cpp">
      <Filter>源文件</Filter>
    </ClCompile>
    <ClCompile Include="Circle.cpp">
      <Filter>源文件</Filter>
    </ClCompile>
    <ClCompile Include="13.2.1类和对象 - 对象特性-构造函数和析构函数.cpp">
      <Filter>源文件</Filter>
    </ClCompile>
    <ClCompile Include="13.2.2类和对象 - 对象特性函数的分类以及调用.cpp">
      <Filter>源文件</Filter>
    </ClCompile>
    <ClCompile Include="13.2.3类和对象 - 对象特性 - 拷贝构造函数调用时机.cpp">
      <Filter>源文件</Filter>
    </ClCompile>
    <ClCompile Include="13.2.4类和对象 - 对象特性 - 构造函数调用特性.cpp">
      <Filter>源文件</Filter>
    </ClCompile>
    <ClCompile Include="13.2.5类和对象 - 对象特性 - 深拷贝和浅拷贝.cpp">
      <Filter>源文件</Filter>
    </ClCompile>
    <ClCompile Include="13.2.6类和对象 - 对象特性 - 初始化列表.cpp">
      <Filter>源文件</Filter>
    </ClCompile>
    <ClCompile Include="13.2.7类和对象 - 对象特性 - 类对象作为类成员.cpp">
      <Filter>源文件</Filter>
    </ClCompile>
    <ClCompile Include="13.2.8类和对象 - 对象特性 - 静态成员.cpp">
      <Filter>源文件</Filter>
    </ClCompile>
    <ClCompile Include="13.2.9类和对象 - 对象特性 - 成员变量和成员函数分开储存.cpp">
      <Filter>源文件</Filter>
    </ClCompile>
    <ClCompile Include="13.2.10类和对象 - 对象特性 - this指针的用途.cpp">
      <Filter>源文件</Filter>
    </ClCompile>
    <ClCompile Include="13.2.11类和对象 - 对象特性 - 空指针访问成员函数.cpp">
      <Filter>源文件</Filter>
    </ClCompile>
    <ClCompile Include="13.2.13类和对象 - 对象特性 - const修饰成员函数.cpp">
      <Filter>源文件</Filter>
    </ClCompile>
    <ClCompile Include="13.3.1类和对象 - 友元 - 全局函数做友元.cpp">
      <Filter>源文件</Filter>
    </ClCompile>
    <ClCompile Include="13.3.2类和对象 - 友元 - 友元类.cpp">
      <Filter>源文件</Filter>
    </ClCompile>
    <ClCompile Include="13.3.3类和对象 - 友元 - 成员函数做友元.cpp">
      <Filter>源文件</Filter>
    </ClCompile>
    <ClCompile Include="13.4.1类和对象 - C++运算符重载-加号运算符重载.cpp">
      <Filter>源文件</Filter>
    </ClCompile>
    <ClCompile Include="13.4.2类和对象 - C++运算符重载 - 左移运算符重载.cpp">
      <Filter>源文件</Filter>
    </ClCompile>
    <ClCompile Include="13.4.3类和对象 - C++运算符重载 - 递增运算符重载.cpp">
      <Filter>源文件</Filter>
    </ClCompile>
    <ClCompile Include="13.4.4类和对象 - C++运算符重载 - 赋值运算符重载.cpp">
      <Filter>源文件</Filter>
    </ClCompile>
    <ClCompile Include="13.4.5类和对象 - C++运算符重载 - 关系运算符重载.cpp">
      <Filter>源文件</Filter>
    </ClCompile>
    <ClCompile Include="13.4.6类和对象 - c++运算符重载 - 函数调用运算符重载.cpp">
      <Filter>源文件</Filter>
    </ClCompile>
    <ClCompile Include="13.5.1类和对象- 继承 - 基本语法.cpp">
      <Filter>源文件</Filter>
    </ClCompile>
    <ClCompile Include="13.5.2类和对象 - 继承 - 继承方式.cpp">
      <Filter>源文件</Filter>
    </ClCompile>
    <ClCompile Include="13.5.3类和对象 - 继承-继承中的对象模型.cpp">
      <Filter>源文件</Filter>
    </ClCompile>
    <ClCompile Include="13.5.4类和对象 - 继承 - 构造和析构顺序.cpp">
      <Filter>源文件</Filter>
    </ClCompile>
    <ClCompile Include="13.5.5类和对象 - 继承 - 同名成员处理.cpp">
      <Filter>源文件</Filter>
    </ClCompile>
    <ClCompile Include="13.5.6类和对象 - 继承 - 同名静态成员处理.cpp">
      <Filter>源文件</Filter>
    </ClCompile>
    <ClCompile Include="13.5.7类和对象 - 继承 - 继承语法.cpp">
      <Filter>源文件</Filter>
    </ClCompile>
    <ClCompile Include="13.5.8类和对象 - 继承 - 菱形继承问题以及解决方法.cpp">
      <Filter>源文件</Filter>
    </ClCompile>
    <ClCompile Include="13.6.1类和对象 - 多态 - 多态的基本语法.cpp">
      <Filter>源文件</Filter>
    </ClCompile>
    <ClCompile Include="13.6.2类和对象 - 多态 - 多态的原理剖析.cpp">
      <Filter>源文件</Filter>
    </ClCompile>
    <ClCompile Include="13.6.2类和对象 - 多态 - 案例1计算器类.cpp">
      <Filter>源文件</Filter>
    </ClCompile>
    <ClCompile Include="13.6.3类和对象 - 多态 - 纯虚函数和抽象类.cpp">
      <Filter>源文件</Filter>
    </ClCompile>
    <ClCompile Include="13.6.4类和对象 - 多态 - 案例2制作饮品.cpp">
      <Filter>源文件</Filter>
    </ClCompile>
    <ClCompile Include="13.6.5类和对象 - 多态 - 虚析构和纯虚析构.cpp">
      <Filter>源文件</Filter>
    </ClCompile>
    <ClCompile Include="13.6.6类和对象 - 多态 - 案例3 电脑组装.cpp">
      <Filter>源文件</Filter>
    </ClCompile>
  </ItemGroup>
  <ItemGroup>
    <ClInclude Include="Circle.h">
      <Filter>头文件</Filter>
    </ClInclude>
  </ItemGroup>
</Project>