
Microsoft Visual Studio Solution File, Format Version 12.00
# Visual Studio Version 17
VisualStudioVersion = 17.2.32630.192
MinimumVisualStudioVersion = 10.0.40219.1
Project("{8BC9CEB8-8B4A-11D0-8D11-00A0C91BC942}") = "05.数组", "05.数组.vcxproj", "{864C8FFC-A3C4-4CCF-88A4-9F74EEC47693}"
EndProject
Global
	GlobalSection(SolutionConfigurationPlatforms) = preSolution
		Debug|x64 = Debug|x64
		Debug|x86 = Debug|x86
		Release|x64 = Release|x64
		Release|x86 = Release|x86
	EndGlobalSection
	GlobalSection(ProjectConfigurationPlatforms) = postSolution
		{864C8FFC-A3C4-4CCF-88A4-9F74EEC47693}.Debug|x64.ActiveCfg = Debug|x64
		{864C8FFC-A3C4-4CCF-88A4-9F74EEC47693}.Debug|x64.Build.0 = Debug|x64
		{864C8FFC-A3C4-4CCF-88A4-9F74EEC47693}.Debug|x86.ActiveCfg = Debug|Win32
		{864C8FFC-A3C4-4CCF-88A4-9F74EEC47693}.Debug|x86.Build.0 = Debug|Win32
		{864C8FFC-A3C4-4CCF-88A4-9F74EEC47693}.Release|x64.ActiveCfg = Release|x64
		{864C8FFC-A3C4-4CCF-88A4-9F74EEC47693}.Release|x64.Build.0 = Release|x64
		{864C8FFC-A3C4-4CCF-88A4-9F74EEC47693}.Release|x86.ActiveCfg = Release|Win32
		{864C8FFC-A3C4-4CCF-88A4-9F74EEC47693}.Release|x86.Build.0 = Release|Win32
	EndGlobalSection
	GlobalSection(SolutionProperties) = preSolution
		HideSolutionNode = FALSE
	EndGlobalSection
	GlobalSection(ExtensibilityGlobals) = postSolution
		SolutionGuid = {C1FD10AC-E550-42E0-A453-7A0BA481ABF0}
	EndGlobalSection
EndGlobal
